
Microsoft Visual Studio Solution File, Format Version 12.00
# Visual Studio Version 17
VisualStudioVersion = 17.1.32407.343
MinimumVisualStudioVersion = 10.0.40219.1
Project("{8BC9CEB8-8B4A-11D0-8D11-00A0C91BC942}") = "cppfand", "cppfand\cppfand.vcxproj", "{8360D42B-FEC4-4A1A-A23A-AB63304A90DC}"
	ProjectSection(ProjectDependencies) = postProject
		{1DCA247B-35EC-434D-9E3B-66C507E4AC95} = {1DCA247B-35EC-434D-9E3B-66C507E4AC95}
	EndProjectSection
EndProject
Project("{8BC9CEB8-8B4A-11D0-8D11-00A0C91BC942}") = "pascal", "pascal\pascal.vcxproj", "{1DCA247B-35EC-434D-9E3B-66C507E4AC95}"
	ProjectSection(ProjectDependencies) = postProject
		{4CE9C1C6-998B-48AE-B5A1-3403B2E02FBE} = {4CE9C1C6-998B-48AE-B5A1-3403B2E02FBE}
	EndProjectSection
EndProject
Project("{8BC9CEB8-8B4A-11D0-8D11-00A0C91BC942}") = "textfunc", "textfunc\textfunc.vcxproj", "{4CE9C1C6-998B-48AE-B5A1-3403B2E02FBE}"
EndProject
Project("{8BC9CEB8-8B4A-11D0-8D11-00A0C91BC942}") = "datafiles", "datafiles\datafiles.vcxproj", "{4175A73A-DF08-4F11-B715-CBE5408AF874}"
EndProject
Project("{8BC9CEB8-8B4A-11D0-8D11-00A0C91BC942}") = "exprcmp", "exprcmp\exprcmp.vcxproj", "{F5DE7CA0-3E83-42C1-9602-54CFEA2E5378}"
EndProject
Project("{8BC9CEB8-8B4A-11D0-8D11-00A0C91BC942}") = "fandio", "fandio\fandio.vcxproj", "{A75DAAB5-58E5-4886-B1F0-6D737AFBA4AB}"
EndProject
Project("{8BC9CEB8-8B4A-11D0-8D11-00A0C91BC942}") = "Logging", "Logging\Logging.vcxproj", "{431CCFDA-764C-498C-AE07-276FB41EBBF9}"
EndProject
Project("{8BC9CEB8-8B4A-11D0-8D11-00A0C91BC942}") = "Editor", "Editor\Editor.vcxproj", "{A08457D5-2848-4FB1-AE40-EC55EF69B5DA}"
EndProject
Project("{8BC9CEB8-8B4A-11D0-8D11-00A0C91BC942}") = "MergeReport", "MergeReport\MergeReport.vcxproj", "{B945B1F8-EB80-4BCF-A75F-58AEA36353ED}"
EndProject
Project("{8BC9CEB8-8B4A-11D0-8D11-00A0C91BC942}") = "Prolog", "Prolog\Prolog.vcxproj", "{3E78A386-79EE-4C49-8798-22553C6C40BF}"
EndProject
Project("{8BC9CEB8-8B4A-11D0-8D11-00A0C91BC942}") = "Drivers", "Drivers\Drivers.vcxproj", "{EFF16929-F4E0-4B93-A05A-E6BCFEA36A68}"
EndProject
Project("{8BC9CEB8-8B4A-11D0-8D11-00A0C91BC942}") = "ExportImport", "ExportImport\ExportImport.vcxproj", "{B84D55F3-9189-4319-B73D-D3EE0DD4B0F1}"
EndProject
Project("{8BC9CEB8-8B4A-11D0-8D11-00A0C91BC942}") = "Common", "Common\Common.vcxproj", "{193522AB-6765-4A9F-A665-6917AC7BBBEB}"
EndProject
Global
	GlobalSection(SolutionConfigurationPlatforms) = preSolution
		Debug|x64 = Debug|x64
		Debug|x86 = Debug|x86
		Release|x64 = Release|x64
		Release|x86 = Release|x86
	EndGlobalSection
	GlobalSection(ProjectConfigurationPlatforms) = postSolution
		{8360D42B-FEC4-4A1A-A23A-AB63304A90DC}.Debug|x64.ActiveCfg = Debug|x64
		{8360D42B-FEC4-4A1A-A23A-AB63304A90DC}.Debug|x64.Build.0 = Debug|x64
		{8360D42B-FEC4-4A1A-A23A-AB63304A90DC}.Debug|x86.ActiveCfg = Debug|Win32
		{8360D42B-FEC4-4A1A-A23A-AB63304A90DC}.Debug|x86.Build.0 = Debug|Win32
		{8360D42B-FEC4-4A1A-A23A-AB63304A90DC}.Release|x64.ActiveCfg = Release|x64
		{8360D42B-FEC4-4A1A-A23A-AB63304A90DC}.Release|x64.Build.0 = Release|x64
		{8360D42B-FEC4-4A1A-A23A-AB63304A90DC}.Release|x86.ActiveCfg = Release|Win32
		{8360D42B-FEC4-4A1A-A23A-AB63304A90DC}.Release|x86.Build.0 = Release|Win32
		{1DCA247B-35EC-434D-9E3B-66C507E4AC95}.Debug|x64.ActiveCfg = Debug|x64
		{1DCA247B-35EC-434D-9E3B-66C507E4AC95}.Debug|x64.Build.0 = Debug|x64
		{1DCA247B-35EC-434D-9E3B-66C507E4AC95}.Debug|x86.ActiveCfg = Debug|Win32
		{1DCA247B-35EC-434D-9E3B-66C507E4AC95}.Debug|x86.Build.0 = Debug|Win32
		{1DCA247B-35EC-434D-9E3B-66C507E4AC95}.Release|x64.ActiveCfg = Release|x64
		{1DCA247B-35EC-434D-9E3B-66C507E4AC95}.Release|x64.Build.0 = Release|x64
		{1DCA247B-35EC-434D-9E3B-66C507E4AC95}.Release|x86.ActiveCfg = Release|Win32
		{1DCA247B-35EC-434D-9E3B-66C507E4AC95}.Release|x86.Build.0 = Release|Win32
		{4CE9C1C6-998B-48AE-B5A1-3403B2E02FBE}.Debug|x64.ActiveCfg = Debug|x64
		{4CE9C1C6-998B-48AE-B5A1-3403B2E02FBE}.Debug|x64.Build.0 = Debug|x64
		{4CE9C1C6-998B-48AE-B5A1-3403B2E02FBE}.Debug|x86.ActiveCfg = Debug|Win32
		{4CE9C1C6-998B-48AE-B5A1-3403B2E02FBE}.Debug|x86.Build.0 = Debug|Win32
		{4CE9C1C6-998B-48AE-B5A1-3403B2E02FBE}.Release|x64.ActiveCfg = Release|x64
		{4CE9C1C6-998B-48AE-B5A1-3403B2E02FBE}.Release|x64.Build.0 = Release|x64
		{4CE9C1C6-998B-48AE-B5A1-3403B2E02FBE}.Release|x86.ActiveCfg = Release|Win32
		{4CE9C1C6-998B-48AE-B5A1-3403B2E02FBE}.Release|x86.Build.0 = Release|Win32
		{4175A73A-DF08-4F11-B715-CBE5408AF874}.Debug|x64.ActiveCfg = Debug|x64
		{4175A73A-DF08-4F11-B715-CBE5408AF874}.Debug|x64.Build.0 = Debug|x64
		{4175A73A-DF08-4F11-B715-CBE5408AF874}.Debug|x86.ActiveCfg = Debug|Win32
		{4175A73A-DF08-4F11-B715-CBE5408AF874}.Debug|x86.Build.0 = Debug|Win32
		{4175A73A-DF08-4F11-B715-CBE5408AF874}.Release|x64.ActiveCfg = Release|x64
		{4175A73A-DF08-4F11-B715-CBE5408AF874}.Release|x64.Build.0 = Release|x64
		{4175A73A-DF08-4F11-B715-CBE5408AF874}.Release|x86.ActiveCfg = Release|Win32
		{4175A73A-DF08-4F11-B715-CBE5408AF874}.Release|x86.Build.0 = Release|Win32
		{F5DE7CA0-3E83-42C1-9602-54CFEA2E5378}.Debug|x64.ActiveCfg = Debug|x64
		{F5DE7CA0-3E83-42C1-9602-54CFEA2E5378}.Debug|x64.Build.0 = Debug|x64
		{F5DE7CA0-3E83-42C1-9602-54CFEA2E5378}.Debug|x86.ActiveCfg = Debug|Win32
		{F5DE7CA0-3E83-42C1-9602-54CFEA2E5378}.Debug|x86.Build.0 = Debug|Win32
		{F5DE7CA0-3E83-42C1-9602-54CFEA2E5378}.Release|x64.ActiveCfg = Release|x64
		{F5DE7CA0-3E83-42C1-9602-54CFEA2E5378}.Release|x64.Build.0 = Release|x64
		{F5DE7CA0-3E83-42C1-9602-54CFEA2E5378}.Release|x86.ActiveCfg = Release|Win32
		{F5DE7CA0-3E83-42C1-9602-54CFEA2E5378}.Release|x86.Build.0 = Release|Win32
		{A75DAAB5-58E5-4886-B1F0-6D737AFBA4AB}.Debug|x64.ActiveCfg = Debug|x64
		{A75DAAB5-58E5-4886-B1F0-6D737AFBA4AB}.Debug|x64.Build.0 = Debug|x64
		{A75DAAB5-58E5-4886-B1F0-6D737AFBA4AB}.Debug|x86.ActiveCfg = Debug|Win32
		{A75DAAB5-58E5-4886-B1F0-6D737AFBA4AB}.Debug|x86.Build.0 = Debug|Win32
		{A75DAAB5-58E5-4886-B1F0-6D737AFBA4AB}.Release|x64.ActiveCfg = Release|x64
		{A75DAAB5-58E5-4886-B1F0-6D737AFBA4AB}.Release|x64.Build.0 = Release|x64
		{A75DAAB5-58E5-4886-B1F0-6D737AFBA4AB}.Release|x86.ActiveCfg = Release|Win32
		{A75DAAB5-58E5-4886-B1F0-6D737AFBA4AB}.Release|x86.Build.0 = Release|Win32
		{431CCFDA-764C-498C-AE07-276FB41EBBF9}.Debug|x64.ActiveCfg = Debug|x64
		{431CCFDA-764C-498C-AE07-276FB41EBBF9}.Debug|x64.Build.0 = Debug|x64
		{431CCFDA-764C-498C-AE07-276FB41EBBF9}.Debug|x86.ActiveCfg = Debug|Win32
		{431CCFDA-764C-498C-AE07-276FB41EBBF9}.Debug|x86.Build.0 = Debug|Win32
		{431CCFDA-764C-498C-AE07-276FB41EBBF9}.Release|x64.ActiveCfg = Release|x64
		{431CCFDA-764C-498C-AE07-276FB41EBBF9}.Release|x64.Build.0 = Release|x64
		{431CCFDA-764C-498C-AE07-276FB41EBBF9}.Release|x86.ActiveCfg = Release|Win32
		{431CCFDA-764C-498C-AE07-276FB41EBBF9}.Release|x86.Build.0 = Release|Win32
		{A08457D5-2848-4FB1-AE40-EC55EF69B5DA}.Debug|x64.ActiveCfg = Debug|x64
		{A08457D5-2848-4FB1-AE40-EC55EF69B5DA}.Debug|x64.Build.0 = Debug|x64
		{A08457D5-2848-4FB1-AE40-EC55EF69B5DA}.Debug|x86.ActiveCfg = Debug|Win32
		{A08457D5-2848-4FB1-AE40-EC55EF69B5DA}.Debug|x86.Build.0 = Debug|Win32
		{A08457D5-2848-4FB1-AE40-EC55EF69B5DA}.Release|x64.ActiveCfg = Release|x64
		{A08457D5-2848-4FB1-AE40-EC55EF69B5DA}.Release|x64.Build.0 = Release|x64
		{A08457D5-2848-4FB1-AE40-EC55EF69B5DA}.Release|x86.ActiveCfg = Release|Win32
		{A08457D5-2848-4FB1-AE40-EC55EF69B5DA}.Release|x86.Build.0 = Release|Win32
		{B945B1F8-EB80-4BCF-A75F-58AEA36353ED}.Debug|x64.ActiveCfg = Debug|x64
		{B945B1F8-EB80-4BCF-A75F-58AEA36353ED}.Debug|x64.Build.0 = Debug|x64
		{B945B1F8-EB80-4BCF-A75F-58AEA36353ED}.Debug|x86.ActiveCfg = Debug|Win32
		{B945B1F8-EB80-4BCF-A75F-58AEA36353ED}.Debug|x86.Build.0 = Debug|Win32
		{B945B1F8-EB80-4BCF-A75F-58AEA36353ED}.Release|x64.ActiveCfg = Release|x64
		{B945B1F8-EB80-4BCF-A75F-58AEA36353ED}.Release|x64.Build.0 = Release|x64
		{B945B1F8-EB80-4BCF-A75F-58AEA36353ED}.Release|x86.ActiveCfg = Release|Win32
		{B945B1F8-EB80-4BCF-A75F-58AEA36353ED}.Release|x86.Build.0 = Release|Win32
		{3E78A386-79EE-4C49-8798-22553C6C40BF}.Debug|x64.ActiveCfg = Debug|x64
		{3E78A386-79EE-4C49-8798-22553C6C40BF}.Debug|x64.Build.0 = Debug|x64
		{3E78A386-79EE-4C49-8798-22553C6C40BF}.Debug|x86.ActiveCfg = Debug|Win32
		{3E78A386-79EE-4C49-8798-22553C6C40BF}.Debug|x86.Build.0 = Debug|Win32
		{3E78A386-79EE-4C49-8798-22553C6C40BF}.Release|x64.ActiveCfg = Release|x64
		{3E78A386-79EE-4C49-8798-22553C6C40BF}.Release|x64.Build.0 = Release|x64
		{3E78A386-79EE-4C49-8798-22553C6C40BF}.Release|x86.ActiveCfg = Release|Win32
		{3E78A386-79EE-4C49-8798-22553C6C40BF}.Release|x86.Build.0 = Release|Win32
		{EFF16929-F4E0-4B93-A05A-E6BCFEA36A68}.Debug|x64.ActiveCfg = Debug|x64
		{EFF16929-F4E0-4B93-A05A-E6BCFEA36A68}.Debug|x64.Build.0 = Debug|x64
		{EFF16929-F4E0-4B93-A05A-E6BCFEA36A68}.Debug|x86.ActiveCfg = Debug|Win32
		{EFF16929-F4E0-4B93-A05A-E6BCFEA36A68}.Debug|x86.Build.0 = Debug|Win32
		{EFF16929-F4E0-4B93-A05A-E6BCFEA36A68}.Release|x64.ActiveCfg = Release|x64
		{EFF16929-F4E0-4B93-A05A-E6BCFEA36A68}.Release|x64.Build.0 = Release|x64
		{EFF16929-F4E0-4B93-A05A-E6BCFEA36A68}.Release|x86.ActiveCfg = Release|Win32
		{EFF16929-F4E0-4B93-A05A-E6BCFEA36A68}.Release|x86.Build.0 = Release|Win32
		{B84D55F3-9189-4319-B73D-D3EE0DD4B0F1}.Debug|x64.ActiveCfg = Debug|x64
		{B84D55F3-9189-4319-B73D-D3EE0DD4B0F1}.Debug|x64.Build.0 = Debug|x64
		{B84D55F3-9189-4319-B73D-D3EE0DD4B0F1}.Debug|x86.ActiveCfg = Debug|Win32
		{B84D55F3-9189-4319-B73D-D3EE0DD4B0F1}.Debug|x86.Build.0 = Debug|Win32
		{B84D55F3-9189-4319-B73D-D3EE0DD4B0F1}.Release|x64.ActiveCfg = Release|x64
		{B84D55F3-9189-4319-B73D-D3EE0DD4B0F1}.Release|x64.Build.0 = Release|x64
		{B84D55F3-9189-4319-B73D-D3EE0DD4B0F1}.Release|x86.ActiveCfg = Release|Win32
		{B84D55F3-9189-4319-B73D-D3EE0DD4B0F1}.Release|x86.Build.0 = Release|Win32
		{193522AB-6765-4A9F-A665-6917AC7BBBEB}.Debug|x64.ActiveCfg = Debug|x64
		{193522AB-6765-4A9F-A665-6917AC7BBBEB}.Debug|x64.Build.0 = Debug|x64
		{193522AB-6765-4A9F-A665-6917AC7BBBEB}.Debug|x86.ActiveCfg = Debug|Win32
		{193522AB-6765-4A9F-A665-6917AC7BBBEB}.Debug|x86.Build.0 = Debug|Win32
		{193522AB-6765-4A9F-A665-6917AC7BBBEB}.Release|x64.ActiveCfg = Release|x64
		{193522AB-6765-4A9F-A665-6917AC7BBBEB}.Release|x64.Build.0 = Release|x64
		{193522AB-6765-4A9F-A665-6917AC7BBBEB}.Release|x86.ActiveCfg = Release|Win32
		{193522AB-6765-4A9F-A665-6917AC7BBBEB}.Release|x86.Build.0 = Release|Win32
	EndGlobalSection
	GlobalSection(SolutionProperties) = preSolution
		HideSolutionNode = FALSE
	EndGlobalSection
	GlobalSection(ExtensibilityGlobals) = postSolution
		SolutionGuid = {7F7E7498-4E94-4220-BFAF-456FBA5F6278}
	EndGlobalSection
EndGlobal
