<?xml version="1.0" encoding="utf-8"?>
<Project ToolsVersion="4.0" xmlns="http://schemas.microsoft.com/developer/msbuild/2003">
  <ItemGroup>
    <Filter Include="Source Files">
      <UniqueIdentifier>{4FC737F1-C7A5-4376-A066-2A32D752A2FF}</UniqueIdentifier>
      <Extensions>cpp;c;cc;cxx;c++;cppm;ixx;def;odl;idl;hpj;bat;asm;asmx</Extensions>
    </Filter>
    <Filter Include="Header Files">
      <UniqueIdentifier>{93995380-89BD-4b04-88EB-625FBE52EBFB}</UniqueIdentifier>
      <Extensions>h;hh;hpp;hxx;h++;hm;inl;inc;ipp;xsd</Extensions>
    </Filter>
    <Filter Include="Resource Files">
      <UniqueIdentifier>{67DA6AB6-F800-4c08-8B7A-83BB121AAD01}</UniqueIdentifier>
      <Extensions>rc;ico;cur;bmp;dlg;rc2;rct;bin;rgs;gif;jpg;jpeg;jpe;resx;tiff;tif;png;wav;mfcribbon-ms</Extensions>
    </Filter>
  </ItemGroup>
  <ItemGroup>
    <ClInclude Include="LongStr.h">
      <Filter>Header Files</Filter>
    </ClInclude>
    <ClInclude Include="textfunc.h">
      <Filter>Header Files</Filter>
    </ClInclude>
    <ClInclude Include="exprcmp.h">
      <Filter>Header Files</Filter>
    </ClInclude>
    <ClInclude Include="codePages.h">
      <Filter>Header Files</Filter>
    </ClInclude>
    <ClInclude Include="compare.h">
      <Filter>Header Files</Filter>
    </ClInclude>
    <ClInclude Include="pstring.h">
      <Filter>Header Files</Filter>
    </ClInclude>
    <ClInclude Include="typeDef.h">
      <Filter>Header Files</Filter>
    </ClInclude>
    <ClInclude Include="realDouble.h">
      <Filter>Header Files</Filter>
    </ClInclude>
    <ClInclude Include="FileD.h">
      <Filter>Header Files</Filter>
    </ClInclude>
    <ClInclude Include="LinkD.h">
      <Filter>Header Files</Filter>
    </ClInclude>
    <ClInclude Include="LocVar.h">
      <Filter>Header Files</Filter>
    </ClInclude>
    <ClInclude Include="random.h">
      <Filter>Header Files</Filter>
    </ClInclude>
    <ClInclude Include="Coding.h">
      <Filter>Header Files</Filter>
    </ClInclude>
    <ClInclude Include="DateTime.h">
      <Filter>Header Files</Filter>
    </ClInclude>
    <ClInclude Include="CommonVariables.h">
      <Filter>Header Files</Filter>
    </ClInclude>
    <ClInclude Include="Record.h">
      <Filter>Header Files</Filter>
    </ClInclude>
    <ClInclude Include="OperationType.h">
      <Filter>Header Files</Filter>
    </ClInclude>
    <ClInclude Include="RdbPos.h">
      <Filter>Header Files</Filter>
    </ClInclude>
  </ItemGroup>
  <ItemGroup>
    <ClCompile Include="textfunc.cpp">
      <Filter>Source Files</Filter>
    </ClCompile>
    <ClCompile Include="exprcmp.cpp">
      <Filter>Source Files</Filter>
    </ClCompile>
    <ClCompile Include="compare.cpp">
      <Filter>Source Files</Filter>
    </ClCompile>
    <ClCompile Include="pstring.cpp">
      <Filter>Source Files</Filter>
    </ClCompile>
    <ClCompile Include="codePages.cpp">
      <Filter>Source Files</Filter>
    </ClCompile>
    <ClCompile Include="realDouble.cpp">
      <Filter>Source Files</Filter>
    </ClCompile>
    <ClCompile Include="FileD.cpp">
      <Filter>Source Files</Filter>
    </ClCompile>
    <ClCompile Include="LinkD.cpp">
      <Filter>Source Files</Filter>
    </ClCompile>
    <ClCompile Include="random.cpp">
      <Filter>Source Files</Filter>
    </ClCompile>
    <ClCompile Include="Coding.cpp">
      <Filter>Source Files</Filter>
    </ClCompile>
    <ClCompile Include="DateTime.cpp">
      <Filter>Source Files</Filter>
    </ClCompile>
    <ClCompile Include="CommonVariables.cpp">
      <Filter>Source Files</Filter>
    </ClCompile>
    <ClCompile Include="Record.cpp">
      <Filter>Source Files</Filter>
    </ClCompile>
  </ItemGroup>
</Project>