<?xml version="1.0" encoding="utf-8"?>
<Project ToolsVersion="4.0" xmlns="http://schemas.microsoft.com/developer/msbuild/2003">
  <ItemGroup>
    <Filter Include="Source Files">
      <UniqueIdentifier>{4FC737F1-C7A5-4376-A066-2A32D752A2FF}</UniqueIdentifier>
      <Extensions>cpp;c;cc;cxx;c++;def;odl;idl;hpj;bat;asm;asmx</Extensions>
    </Filter>
    <Filter Include="Header Files">
      <UniqueIdentifier>{93995380-89BD-4b04-88EB-625FBE52EBFB}</UniqueIdentifier>
      <Extensions>h;hh;hpp;hxx;h++;hm;inl;inc;ipp;xsd</Extensions>
    </Filter>
    <Filter Include="Resource Files">
      <UniqueIdentifier>{67DA6AB6-F800-4c08-8B7A-83BB121AAD01}</UniqueIdentifier>
      <Extensions>rc;ico;cur;bmp;dlg;rc2;rct;bin;rgs;gif;jpg;jpeg;jpe;resx;tiff;tif;png;wav;mfcribbon-ms</Extensions>
    </Filter>
  </ItemGroup>
  <ItemGroup>
    <ClCompile Include="cppfand.cpp">
      <Filter>Source Files</Filter>
    </ClCompile>
    <ClCompile Include="base.cpp">
      <Filter>Source Files</Filter>
    </ClCompile>
    <ClCompile Include="legacy.cpp">
      <Filter>Source Files</Filter>
    </ClCompile>
    <ClCompile Include="runfand.cpp">
      <Filter>Source Files</Filter>
    </ClCompile>
    <ClCompile Include="pstring.cpp">
      <Filter>Source Files</Filter>
    </ClCompile>
    <ClCompile Include="drivers.cpp">
      <Filter>Source Files</Filter>
    </ClCompile>
    <ClCompile Include="obaseww.cpp">
      <Filter>Source Files</Filter>
    </ClCompile>
    <ClCompile Include="oaccess.cpp">
      <Filter>Source Files</Filter>
    </ClCompile>
    <ClCompile Include="access.cpp">
      <Filter>Source Files</Filter>
    </ClCompile>
    <ClCompile Include="runfrml.cpp">
      <Filter>Source Files</Filter>
    </ClCompile>
    <ClCompile Include="editor.cpp">
      <Filter>Source Files</Filter>
    </ClCompile>
    <ClCompile Include="rdrun.cpp">
      <Filter>Source Files</Filter>
    </ClCompile>
    <ClCompile Include="rdproc.cpp">
      <Filter>Source Files</Filter>
    </ClCompile>
    <ClCompile Include="wwmix.cpp">
      <Filter>Source Files</Filter>
    </ClCompile>
    <ClCompile Include="wwmenu.cpp">
      <Filter>Source Files</Filter>
    </ClCompile>
    <ClCompile Include="runproc.cpp">
      <Filter>Source Files</Filter>
    </ClCompile>
    <ClCompile Include="runedi.cpp">
      <Filter>Source Files</Filter>
    </ClCompile>
    <ClCompile Include="runproj.cpp">
      <Filter>Source Files</Filter>
    </ClCompile>
    <ClCompile Include="sort.cpp">
      <Filter>Source Files</Filter>
    </ClCompile>
    <ClCompile Include="runrprt.cpp">
      <Filter>Source Files</Filter>
    </ClCompile>
    <ClCompile Include="runmerg.cpp">
      <Filter>Source Files</Filter>
    </ClCompile>
    <ClCompile Include="rdrprt.cpp">
      <Filter>Source Files</Filter>
    </ClCompile>
    <ClCompile Include="rdmerg.cpp">
      <Filter>Source Files</Filter>
    </ClCompile>
    <ClCompile Include="rdfildcl.cpp">
      <Filter>Source Files</Filter>
    </ClCompile>
    <ClCompile Include="rdedit.cpp">
      <Filter>Source Files</Filter>
    </ClCompile>
    <ClCompile Include="printtxt.cpp">
      <Filter>Source Files</Filter>
    </ClCompile>
    <ClCompile Include="obase.cpp">
      <Filter>Source Files</Filter>
    </ClCompile>
    <ClCompile Include="genrprt.cpp">
      <Filter>Source Files</Filter>
    </ClCompile>
    <ClCompile Include="compile.cpp">
      <Filter>Source Files</Filter>
    </ClCompile>
    <ClCompile Include="olongstr.cpp">
      <Filter>Source Files</Filter>
    </ClCompile>
    <ClCompile Include="keyboard.cpp">
      <Filter>Source Files</Filter>
    </ClCompile>
    <ClCompile Include="screen.cpp">
      <Filter>Source Files</Filter>
    </ClCompile>
    <ClCompile Include="expimp.cpp">
      <Filter>Source Files</Filter>
    </ClCompile>
    <ClCompile Include="runprolg.cpp">
      <Filter>Source Files</Filter>
    </ClCompile>
    <ClCompile Include="models\Instr.cpp">
      <Filter>Source Files</Filter>
    </ClCompile>
    <ClCompile Include="models\FrmlElem.cpp">
      <Filter>Source Files</Filter>
    </ClCompile>
    <ClCompile Include="Graph.cpp">
      <Filter>Source Files</Filter>
    </ClCompile>
    <ClCompile Include="GlobalVariables.cpp">
      <Filter>Source Files</Filter>
    </ClCompile>
    <ClCompile Include="XString.cpp">
      <Filter>Source Files</Filter>
    </ClCompile>
    <ClCompile Include="XItem.cpp">
      <Filter>Source Files</Filter>
    </ClCompile>
    <ClCompile Include="XItemLeaf.cpp">
      <Filter>Source Files</Filter>
    </ClCompile>
    <ClCompile Include="XWKey.cpp">
      <Filter>Source Files</Filter>
    </ClCompile>
    <ClCompile Include="XKey.cpp">
      <Filter>Source Files</Filter>
    </ClCompile>
  </ItemGroup>
  <ItemGroup>
    <ClInclude Include="base.h">
      <Filter>Header Files</Filter>
    </ClInclude>
    <ClInclude Include="constants.h">
      <Filter>Header Files</Filter>
    </ClInclude>
    <ClInclude Include="legacy.h">
      <Filter>Header Files</Filter>
    </ClInclude>
    <ClInclude Include="switches.h">
      <Filter>Header Files</Filter>
    </ClInclude>
    <ClInclude Include="runfand.h">
      <Filter>Header Files</Filter>
    </ClInclude>
    <ClInclude Include="drivers.h">
      <Filter>Header Files</Filter>
    </ClInclude>
    <ClInclude Include="fanddml.h">
      <Filter>Header Files</Filter>
    </ClInclude>
    <ClInclude Include="oaccess.h">
      <Filter>Header Files</Filter>
    </ClInclude>
    <ClInclude Include="obaseww.h">
      <Filter>Header Files</Filter>
    </ClInclude>
    <ClInclude Include="rdrun.h">
      <Filter>Header Files</Filter>
    </ClInclude>
    <ClInclude Include="runedi.h">
      <Filter>Header Files</Filter>
    </ClInclude>
    <ClInclude Include="runfrml.h">
      <Filter>Header Files</Filter>
    </ClInclude>
    <ClInclude Include="runproc.h">
      <Filter>Header Files</Filter>
    </ClInclude>
    <ClInclude Include="wwmenu.h">
      <Filter>Header Files</Filter>
    </ClInclude>
    <ClInclude Include="wwmix.h">
      <Filter>Header Files</Filter>
    </ClInclude>
    <ClInclude Include="pstring.h">
      <Filter>Header Files</Filter>
    </ClInclude>
    <ClInclude Include="access.h">
      <Filter>Header Files</Filter>
    </ClInclude>
    <ClInclude Include="sort.h">
      <Filter>Header Files</Filter>
    </ClInclude>
    <ClInclude Include="compile.h">
      <Filter>Header Files</Filter>
    </ClInclude>
    <ClInclude Include="resource.h">
      <Filter>Header Files</Filter>
    </ClInclude>
    <ClInclude Include="editor.h">
      <Filter>Header Files</Filter>
    </ClInclude>
    <ClInclude Include="rdproc.h">
      <Filter>Header Files</Filter>
    </ClInclude>
    <ClInclude Include="rdfildcl.h">
      <Filter>Header Files</Filter>
    </ClInclude>
    <ClInclude Include="printtxt.h">
      <Filter>Header Files</Filter>
    </ClInclude>
    <ClInclude Include="genrprt.h">
      <Filter>Header Files</Filter>
    </ClInclude>
    <ClInclude Include="rdedit.h">
      <Filter>Header Files</Filter>
    </ClInclude>
    <ClInclude Include="runproj.h">
      <Filter>Header Files</Filter>
    </ClInclude>
    <ClInclude Include="runrprt.h">
      <Filter>Header Files</Filter>
    </ClInclude>
    <ClInclude Include="runmerg.h">
      <Filter>Header Files</Filter>
    </ClInclude>
    <ClInclude Include="rdrprt.h">
      <Filter>Header Files</Filter>
    </ClInclude>
    <ClInclude Include="obase.h">
      <Filter>Header Files</Filter>
    </ClInclude>
    <ClInclude Include="rdmerg.h">
      <Filter>Header Files</Filter>
    </ClInclude>
    <ClInclude Include="expimp.h">
      <Filter>Header Files</Filter>
    </ClInclude>
    <ClInclude Include="olongstr.h">
      <Filter>Header Files</Filter>
    </ClInclude>
    <ClInclude Include="keyboard.h">
      <Filter>Header Files</Filter>
    </ClInclude>
    <ClInclude Include="screen.h">
      <Filter>Header Files</Filter>
    </ClInclude>
    <ClInclude Include="runprolg.h">
      <Filter>Header Files</Filter>
    </ClInclude>
    <ClInclude Include="models\Instr.h">
      <Filter>Header Files</Filter>
    </ClInclude>
    <ClInclude Include="models\FrmlElem.h">
      <Filter>Header Files</Filter>
    </ClInclude>
    <ClInclude Include="Graph.h">
      <Filter>Header Files</Filter>
    </ClInclude>
    <ClInclude Include="GlobalVariables.h">
      <Filter>Header Files</Filter>
    </ClInclude>
    <ClInclude Include="XString.h">
      <Filter>Header Files</Filter>
    </ClInclude>
    <ClInclude Include="XItem.h">
      <Filter>Header Files</Filter>
    </ClInclude>
    <ClInclude Include="XItemLeaf.h">
      <Filter>Header Files</Filter>
    </ClInclude>
    <ClInclude Include="XWKey.h">
      <Filter>Header Files</Filter>
    </ClInclude>
    <ClInclude Include="XKey.h">
      <Filter>Header Files</Filter>
    </ClInclude>
  </ItemGroup>
  <ItemGroup>
    <ResourceCompile Include="cppfand.rc">
      <Filter>Resource Files</Filter>
    </ResourceCompile>
  </ItemGroup>
  <ItemGroup>
    <Image Include="Resources\cpp.ico">
      <Filter>Resource Files</Filter>
    </Image>
  </ItemGroup>
</Project>