<?xml version="1.0" encoding="utf-8"?>
<Project ToolsVersion="4.0" xmlns="http://schemas.microsoft.com/developer/msbuild/2003">
  <ItemGroup>
    <Filter Include="Source Files">
      <UniqueIdentifier>{4FC737F1-C7A5-4376-A066-2A32D752A2FF}</UniqueIdentifier>
      <Extensions>cpp;c;cc;cxx;c++;def;odl;idl;hpj;bat;asm;asmx</Extensions>
    </Filter>
    <Filter Include="Header Files">
      <UniqueIdentifier>{93995380-89BD-4b04-88EB-625FBE52EBFB}</UniqueIdentifier>
      <Extensions>h;hh;hpp;hxx;h++;hm;inl;inc;ipp;xsd</Extensions>
    </Filter>
    <Filter Include="Resource Files">
      <UniqueIdentifier>{67DA6AB6-F800-4c08-8B7A-83BB121AAD01}</UniqueIdentifier>
      <Extensions>rc;ico;cur;bmp;dlg;rc2;rct;bin;rgs;gif;jpg;jpeg;jpe;resx;tiff;tif;png;wav;mfcribbon-ms</Extensions>
    </Filter>
    <Filter Include="Header Files\FandFiles">
      <UniqueIdentifier>{fec6bb6b-c33e-45bf-ab7c-2d677aec2dee}</UniqueIdentifier>
    </Filter>
    <Filter Include="Source Files\FandFiles">
      <UniqueIdentifier>{8376e8ad-0e44-4a74-8af0-3dfe56061037}</UniqueIdentifier>
    </Filter>
    <Filter Include="Header Files\Indexes">
      <UniqueIdentifier>{a01e3360-b093-46cc-a3d9-74e61b8852d7}</UniqueIdentifier>
    </Filter>
    <Filter Include="Source Files\Indexes">
      <UniqueIdentifier>{b4ba9f3a-148e-4e2a-a510-277cbbb5e1a3}</UniqueIdentifier>
    </Filter>
    <Filter Include="Source Files\DbfFiles">
      <UniqueIdentifier>{7923cfdc-b4aa-42f2-870e-79acd7d1b97a}</UniqueIdentifier>
    </Filter>
    <Filter Include="Header Files\DbfFiles">
      <UniqueIdentifier>{d851878a-5463-4cb8-94a6-454b95cac386}</UniqueIdentifier>
    </Filter>
  </ItemGroup>
  <ItemGroup>
    <ClInclude Include="fandio.h">
      <Filter>Header Files</Filter>
    </ClInclude>
    <ClInclude Include="Fand0File.h">
      <Filter>Header Files\FandFiles</Filter>
    </ClInclude>
    <ClInclude Include="FandTFile.h">
      <Filter>Header Files\FandFiles</Filter>
    </ClInclude>
    <ClInclude Include="FandXFile.h">
      <Filter>Header Files\FandFiles</Filter>
    </ClInclude>
    <ClInclude Include="XScan.h">
      <Filter>Header Files\Indexes</Filter>
    </ClInclude>
    <ClInclude Include="XString.h">
      <Filter>Header Files\Indexes</Filter>
    </ClInclude>
    <ClInclude Include="XWFile.h">
      <Filter>Header Files\Indexes</Filter>
    </ClInclude>
    <ClInclude Include="XWKey.h">
      <Filter>Header Files\Indexes</Filter>
    </ClInclude>
    <ClInclude Include="XWorkFile.h">
      <Filter>Header Files\Indexes</Filter>
    </ClInclude>
    <ClInclude Include="XXPage.h">
      <Filter>Header Files\Indexes</Filter>
    </ClInclude>
    <ClInclude Include="sort.h">
      <Filter>Header Files\Indexes</Filter>
    </ClInclude>
    <ClInclude Include="WorkFile.h">
      <Filter>Header Files\Indexes</Filter>
    </ClInclude>
    <ClInclude Include="WPage.h">
      <Filter>Header Files\Indexes</Filter>
    </ClInclude>
    <ClInclude Include="WRec.h">
      <Filter>Header Files\Indexes</Filter>
    </ClInclude>
    <ClInclude Include="XItem.h">
      <Filter>Header Files\Indexes</Filter>
    </ClInclude>
    <ClInclude Include="XItemLeaf.h">
      <Filter>Header Files\Indexes</Filter>
    </ClInclude>
    <ClInclude Include="XItemNonLeaf.h">
      <Filter>Header Files\Indexes</Filter>
    </ClInclude>
    <ClInclude Include="XKey.h">
      <Filter>Header Files\Indexes</Filter>
    </ClInclude>
    <ClInclude Include="XPage.h">
      <Filter>Header Files\Indexes</Filter>
    </ClInclude>
    <ClInclude Include="directory.h">
      <Filter>Header Files</Filter>
    </ClInclude>
    <ClInclude Include="TextFile.h">
      <Filter>Header Files</Filter>
    </ClInclude>
    <ClInclude Include="DbfFile.h">
      <Filter>Header Files\DbfFiles</Filter>
    </ClInclude>
    <ClInclude Include="locks.h">
      <Filter>Header Files\FandFiles</Filter>
    </ClInclude>
    <ClInclude Include="files.h">
      <Filter>Header Files</Filter>
    </ClInclude>
    <ClInclude Include="FandTFilePrefix.h">
      <Filter>Header Files\FandFiles</Filter>
    </ClInclude>
    <ClInclude Include="DBaseHeader.h">
      <Filter>Header Files\DbfFiles</Filter>
    </ClInclude>
    <ClInclude Include="DBaseField.h">
      <Filter>Header Files\DbfFiles</Filter>
    </ClInclude>
    <ClInclude Include="FandFile.h">
      <Filter>Header Files\FandFiles</Filter>
    </ClInclude>
  </ItemGroup>
  <ItemGroup>
    <ClCompile Include="fandio.cpp">
      <Filter>Source Files</Filter>
    </ClCompile>
    <ClCompile Include="Fand0File.cpp">
      <Filter>Source Files\FandFiles</Filter>
    </ClCompile>
    <ClCompile Include="FandTFile.cpp">
      <Filter>Source Files\FandFiles</Filter>
    </ClCompile>
    <ClCompile Include="FandXFile.cpp">
      <Filter>Source Files\FandFiles</Filter>
    </ClCompile>
    <ClCompile Include="XXPage.cpp">
      <Filter>Source Files\Indexes</Filter>
    </ClCompile>
    <ClCompile Include="sort.cpp">
      <Filter>Source Files\Indexes</Filter>
    </ClCompile>
    <ClCompile Include="WorkFile.cpp">
      <Filter>Source Files\Indexes</Filter>
    </ClCompile>
    <ClCompile Include="WPage.cpp">
      <Filter>Source Files\Indexes</Filter>
    </ClCompile>
    <ClCompile Include="WRec.cpp">
      <Filter>Source Files\Indexes</Filter>
    </ClCompile>
    <ClCompile Include="XItem.cpp">
      <Filter>Source Files\Indexes</Filter>
    </ClCompile>
    <ClCompile Include="XItemLeaf.cpp">
      <Filter>Source Files\Indexes</Filter>
    </ClCompile>
    <ClCompile Include="XItemNonLeaf.cpp">
      <Filter>Source Files\Indexes</Filter>
    </ClCompile>
    <ClCompile Include="XKey.cpp">
      <Filter>Source Files\Indexes</Filter>
    </ClCompile>
    <ClCompile Include="XPage.cpp">
      <Filter>Source Files\Indexes</Filter>
    </ClCompile>
    <ClCompile Include="XScan.cpp">
      <Filter>Source Files\Indexes</Filter>
    </ClCompile>
    <ClCompile Include="XString.cpp">
      <Filter>Source Files\Indexes</Filter>
    </ClCompile>
    <ClCompile Include="XWFile.cpp">
      <Filter>Source Files\Indexes</Filter>
    </ClCompile>
    <ClCompile Include="XWKey.cpp">
      <Filter>Source Files\Indexes</Filter>
    </ClCompile>
    <ClCompile Include="XWorkFile.cpp">
      <Filter>Source Files\Indexes</Filter>
    </ClCompile>
    <ClCompile Include="directory.cpp">
      <Filter>Source Files</Filter>
    </ClCompile>
    <ClCompile Include="TextFile.cpp">
      <Filter>Source Files</Filter>
    </ClCompile>
    <ClCompile Include="DbfFile.cpp">
      <Filter>Source Files\DbfFiles</Filter>
    </ClCompile>
    <ClCompile Include="locks.cpp">
      <Filter>Source Files\FandFiles</Filter>
    </ClCompile>
    <ClCompile Include="files.cpp">
      <Filter>Source Files</Filter>
    </ClCompile>
    <ClCompile Include="FandTFilePrefix.cpp">
      <Filter>Source Files\FandFiles</Filter>
    </ClCompile>
    <ClCompile Include="DBaseHeader.cpp">
      <Filter>Source Files\DbfFiles</Filter>
    </ClCompile>
    <ClCompile Include="DBaseField.cpp">
      <Filter>Source Files\DbfFiles</Filter>
    </ClCompile>
    <ClCompile Include="FandFile.cpp">
      <Filter>Source Files\FandFiles</Filter>
    </ClCompile>
  </ItemGroup>
</Project>